Microsoft Visual Studio Solution File, Format Version 12.00
# Visual Studio Version 17
VisualStudioVersion = 17.5.2.0
MinimumVisualStudioVersion = 10.0.40219.1
Project("{FAE04EC0-301F-11D3-BF4B-00C04F79EFBC}") = "censudex-api", "censudex-api\censudex-api.csproj", "{75D7EB24-45C4-36D6-1FCE-C05EBAEF6A53}"
EndProject
Global
	GlobalSection(SolutionConfigurationPlatforms) = preSolution
		Debug|Any CPU = Debug|Any CPU
		Release|Any CPU = Release|Any CPU
	EndGlobalSection
	GlobalSection(ProjectConfigurationPlatforms) = postSolution
		{75D7EB24-45C4-36D6-1FCE-C05EBAEF6A53}.Debug|Any CPU.ActiveCfg = Debug|Any CPU
		{75D7EB24-45C4-36D6-1FCE-C05EBAEF6A53}.Debug|Any CPU.Build.0 = Debug|Any CPU
		{75D7EB24-45C4-36D6-1FCE-C05EBAEF6A53}.Release|Any CPU.ActiveCfg = Release|Any CPU
		{75D7EB24-45C4-36D6-1FCE-C05EBAEF6A53}.Release|Any CPU.Build.0 = Release|Any CPU
	EndGlobalSection
	GlobalSection(SolutionProperties) = preSolution
		HideSolutionNode = FALSE
	EndGlobalSection
	GlobalSection(ExtensibilityGlobals) = postSolution
		SolutionGuid = {569DEA11-18EE-4E83-9FA2-5A79121AD49B}
	EndGlobalSection
EndGlobal
